
Microsoft Visual Studio Solution File, Format Version 12.00
# Visual Studio Version 17
VisualStudioVersion = 17.13.35931.197 d17.13
MinimumVisualStudioVersion = 10.0.40219.1
Project("{FAE04EC0-301F-11D3-BF4B-00C04F79EFBC}") = "Auth2.0_Example", "Auth2.0_Example\Auth2.0_Example.csproj", "{118C9D1B-A5B4-4936-B8C1-0F4666455EF3}"
EndProject
Global
	GlobalSection(SolutionConfigurationPlatforms) = preSolution
		Debug|Any CPU = Debug|Any CPU
		Release|Any CPU = Release|Any CPU
	EndGlobalSection
	GlobalSection(ProjectConfigurationPlatforms) = postSolution
		{118C9D1B-A5B4-4936-B8C1-0F4666455EF3}.Debug|Any CPU.ActiveCfg = Debug|Any CPU
		{118C9D1B-A5B4-4936-B8C1-0F4666455EF3}.Debug|Any CPU.Build.0 = Debug|Any CPU
		{118C9D1B-A5B4-4936-B8C1-0F4666455EF3}.Release|Any CPU.ActiveCfg = Release|Any CPU
		{118C9D1B-A5B4-4936-B8C1-0F4666455EF3}.Release|Any CPU.Build.0 = Release|Any CPU
	EndGlobalSection
	GlobalSection(SolutionProperties) = preSolution
		HideSolutionNode = FALSE
	EndGlobalSection
	GlobalSection(ExtensibilityGlobals) = postSolution
		SolutionGuid = {F6CA00B5-B5BE-42AA-A64C-F3748F613965}
	EndGlobalSection
EndGlobal
